
Microsoft Visual Studio Solution File, Format Version 12.00
# Visual Studio Version 17
VisualStudioVersion = 17.5.002.0
MinimumVisualStudioVersion = 10.0.40219.1
Project("{9A19103F-16F7-4668-BE54-9A1E7A4F7556}") = "cs", "cs.csproj", "{F8EF3255-69A1-4980-A224-17BA9CEE806C}"
EndProject
Global
	GlobalSection(SolutionConfigurationPlatforms) = preSolution
		Debug|Any CPU = Debug|Any CPU
		Release|Any CPU = Release|Any CPU
	EndGlobalSection
	GlobalSection(ProjectConfigurationPlatforms) = postSolution
		{F8EF3255-69A1-4980-A224-17BA9CEE806C}.Debug|Any CPU.ActiveCfg = Debug|Any CPU
		{F8EF3255-69A1-4980-A224-17BA9CEE806C}.Debug|Any CPU.Build.0 = Debug|Any CPU
		{F8EF3255-69A1-4980-A224-17BA9CEE806C}.Release|Any CPU.ActiveCfg = Release|Any CPU
		{F8EF3255-69A1-4980-A224-17BA9CEE806C}.Release|Any CPU.Build.0 = Release|Any CPU
	EndGlobalSection
	GlobalSection(SolutionProperties) = preSolution
		HideSolutionNode = FALSE
	EndGlobalSection
	GlobalSection(ExtensibilityGlobals) = postSolution
		SolutionGuid = {C8D2BD26-165B-41EC-B41C-E1BE0C4F7625}
	EndGlobalSection
EndGlobal
