
Microsoft Visual Studio Solution File, Format Version 12.00
# Visual Studio Version 17
VisualStudioVersion = 17.5.002.0
MinimumVisualStudioVersion = 10.0.40219.1
Project("{9A19103F-16F7-4668-BE54-9A1E7A4F7556}") = "cs", "cs.csproj", "{13605D6D-BAC0-48F1-A250-415FAC389506}"
EndProject
Global
	GlobalSection(SolutionConfigurationPlatforms) = preSolution
		Debug|Any CPU = Debug|Any CPU
		Release|Any CPU = Release|Any CPU
	EndGlobalSection
	GlobalSection(ProjectConfigurationPlatforms) = postSolution
		{13605D6D-BAC0-48F1-A250-415FAC389506}.Debug|Any CPU.ActiveCfg = Debug|Any CPU
		{13605D6D-BAC0-48F1-A250-415FAC389506}.Debug|Any CPU.Build.0 = Debug|Any CPU
		{13605D6D-BAC0-48F1-A250-415FAC389506}.Release|Any CPU.ActiveCfg = Release|Any CPU
		{13605D6D-BAC0-48F1-A250-415FAC389506}.Release|Any CPU.Build.0 = Release|Any CPU
	EndGlobalSection
	GlobalSection(SolutionProperties) = preSolution
		HideSolutionNode = FALSE
	EndGlobalSection
	GlobalSection(ExtensibilityGlobals) = postSolution
		SolutionGuid = {2FFE39C2-2564-4C7A-BF56-BF0DD469A44B}
	EndGlobalSection
EndGlobal
